
Microsoft Visual Studio Solution File, Format Version 12.00
# Visual Studio Version 16
VisualStudioVersion = 16.0.35026.282
MinimumVisualStudioVersion = 10.0.40219.1
Project("{FAE04EC0-301F-11D3-BF4B-00C04F79EFBC}") = "NeuralNetwork", "NeuralNetwork\NeuralNetwork.csproj", "{8AF7F768-A10F-4B53-AF75-12F766500394}"
EndProject
Global
	GlobalSection(SolutionConfigurationPlatforms) = preSolution
		Debug|Any CPU = Debug|Any CPU
		Release|Any CPU = Release|Any CPU
	EndGlobalSection
	GlobalSection(ProjectConfigurationPlatforms) = postSolution
		{8AF7F768-A10F-4B53-AF75-12F766500394}.Debug|Any CPU.ActiveCfg = Debug|Any CPU
		{8AF7F768-A10F-4B53-AF75-12F766500394}.Debug|Any CPU.Build.0 = Debug|Any CPU
		{8AF7F768-A10F-4B53-AF75-12F766500394}.Release|Any CPU.ActiveCfg = Release|Any CPU
		{8AF7F768-A10F-4B53-AF75-12F766500394}.Release|Any CPU.Build.0 = Release|Any CPU
	EndGlobalSection
	GlobalSection(SolutionProperties) = preSolution
		HideSolutionNode = FALSE
	EndGlobalSection
	GlobalSection(ExtensibilityGlobals) = postSolution
		SolutionGuid = {606AA691-EF5D-4DE3-8940-92D0A5821F70}
	EndGlobalSection
EndGlobal
